
Microsoft Visual Studio Solution File, Format Version 11.00
# Visual Studio 2010
Project("{FAE04EC0-301F-11D3-BF4B-00C04F79EFBC}") = "SC2", "SC2\SC2.csproj", "{CE2C9A0B-0DE9-451C-A7AC-B893F53AB23E}"
EndProject
Global
	GlobalSection(SolutionConfigurationPlatforms) = preSolution
		Debug|iPhoneSimulator = Debug|iPhoneSimulator
		Release|iPhoneSimulator = Release|iPhoneSimulator
		Debug|iPhone = Debug|iPhone
		Release|iPhone = Release|iPhone
		Ad-Hoc|iPhone = Ad-Hoc|iPhone
		AppStore|iPhone = AppStore|iPhone
	EndGlobalSection
	GlobalSection(ProjectConfigurationPlatforms) = postSolution
		{CE2C9A0B-0DE9-451C-A7AC-B893F53AB23E}.Ad-Hoc|iPhone.ActiveCfg = Ad-Hoc|iPhone
		{CE2C9A0B-0DE9-451C-A7AC-B893F53AB23E}.Ad-Hoc|iPhone.Build.0 = Ad-Hoc|iPhone
		{CE2C9A0B-0DE9-451C-A7AC-B893F53AB23E}.AppStore|iPhone.ActiveCfg = AppStore|iPhone
		{CE2C9A0B-0DE9-451C-A7AC-B893F53AB23E}.AppStore|iPhone.Build.0 = AppStore|iPhone
		{CE2C9A0B-0DE9-451C-A7AC-B893F53AB23E}.Debug|iPhone.ActiveCfg = Debug|iPhone
		{CE2C9A0B-0DE9-451C-A7AC-B893F53AB23E}.Debug|iPhone.Build.0 = Debug|iPhone
		{CE2C9A0B-0DE9-451C-A7AC-B893F53AB23E}.Debug|iPhoneSimulator.ActiveCfg = Debug|iPhoneSimulator
		{CE2C9A0B-0DE9-451C-A7AC-B893F53AB23E}.Debug|iPhoneSimulator.Build.0 = Debug|iPhoneSimulator
		{CE2C9A0B-0DE9-451C-A7AC-B893F53AB23E}.Release|iPhone.ActiveCfg = Release|iPhone
		{CE2C9A0B-0DE9-451C-A7AC-B893F53AB23E}.Release|iPhone.Build.0 = Release|iPhone
		{CE2C9A0B-0DE9-451C-A7AC-B893F53AB23E}.Release|iPhoneSimulator.ActiveCfg = Release|iPhoneSimulator
		{CE2C9A0B-0DE9-451C-A7AC-B893F53AB23E}.Release|iPhoneSimulator.Build.0 = Release|iPhoneSimulator
	EndGlobalSection
	GlobalSection(MonoDevelopProperties) = preSolution
		StartupItem = SC2\SC2.csproj
	EndGlobalSection
EndGlobal
